<Solution>
  <Folder Name="/01/">
    <Project Path="IsNumberOddOrNot/IsNumberOddOrNot.csproj" />
  </Folder>
  <Folder Name="/02/">
    <Project Path="TheGreathestNumber/TheGreathestNumber.csproj" />
  </Folder>
  <Folder Name="/03/">
    <Project Path="SortNumbers/SortNumbers.csproj" Id="9e38f97b-dd6d-4ad1-a21f-63fd0285608c" />
  </Folder>
  <Folder Name="/04/">
    <Project Path="IsMultipleOrAnother/IsMultipleOrAnother.csproj" Id="20d0d64c-dc19-4a5f-a49b-6984f1c132ab" />
  </Folder>
  <Folder Name="/05/">
    <Project Path="IsLeapYear/IsLeapYear.csproj" Id="fd314e26-f0ba-4188-989d-e4dd5109aeab" />
  </Folder>
  <Folder Name="/06/">
    <Project Path="EmployeNumber/EmployeNumber.csproj" Id="507a5f75-58b5-43a8-bb83-a82d2040bcb4" />
  </Folder>
  <Folder Name="/07/">
    <Project Path="ItsDiscount/ItsDiscount.csproj" Id="ac1e4a83-41e1-4242-8615-f35a6c8c24af" />
  </Folder>
  <Folder Name="/08/">
    <Project Path="Registration/Registration.csproj" Id="26415332-c49e-4d5d-b87f-a9e4d6d3d9ad" />
  </Folder>
  <Folder Name="/09/">
    <Project Path="ShippingOfGoods/ShippingOfGoods.csproj" Id="a35bcbee-5bbc-4845-895d-163f5e858ba5" />
  </Folder>
  <Folder Name="/10/">
    <Project Path="WarehousesEventSA/WarehousesEventSA.csproj" Id="ef090e7c-b82e-4f12-b226-babd99142db1" />
  </Folder>
  <Folder Name="/11/">
    <Project Path="TransportCompany/TransportCompany.csproj" Id="68d2ded2-9e45-42f4-a0ee-8e6ca1b01c8b" />
  </Folder>
  <Folder Name="/12/">
    <Project Path="SeriesOfNumbers/SeriesOfNumbers.csproj" Id="72b5214f-b365-437e-b5ad-55d41af2d41c" />
  </Folder>
  <Folder Name="/13/">
    <Project Path="Factorial/Factorial.csproj" Id="09ec0734-053c-485e-be1a-e84a86f80f70" />
  </Folder>
  <Folder Name="/Shared/">
    <Project Path="ClassLibrary/ClassLibrary.csproj" />
  </Folder>
</Solution>
